
Microsoft Visual Studio Solution File, Format Version 12.00
# Visual Studio Version 17
VisualStudioVersion = 17.8.34330.188
MinimumVisualStudioVersion = 10.0.40219.1
Project("{2150E333-8FDC-42A3-9474-1A3956D46DE8}") = "Common", "Common", "{385790A8-643C-4F17-9314-5E0A549BB018}"
EndProject
Project("{2150E333-8FDC-42A3-9474-1A3956D46DE8}") = "Example", "Example", "{96FB8DA6-95B3-4693-B849-5A783E39122A}"
EndProject
Project("{2150E333-8FDC-42A3-9474-1A3956D46DE8}") = "Notification", "Notification", "{8700E00C-E344-46C6-A284-A3B6FAF4D064}"
EndProject
Project("{2150E333-8FDC-42A3-9474-1A3956D46DE8}") = "Security", "Security", "{DEAE7E8F-7595-48B7-8A6E-0FC24BB4806C}"
EndProject
Project("{2150E333-8FDC-42A3-9474-1A3956D46DE8}") = "Static", "Static", "{EC7AFBD8-F36B-43CD-9083-E55BEE5C9045}"
EndProject
Project("{2150E333-8FDC-42A3-9474-1A3956D46DE8}") = "Applications", "Applications", "{86249229-709F-484E-99D5-575A67D1E376}"
EndProject
Project("{2150E333-8FDC-42A3-9474-1A3956D46DE8}") = "Clients", "Clients", "{66D67575-CD25-4321-AF2A-C669BB64EC5F}"
EndProject
Project("{2150E333-8FDC-42A3-9474-1A3956D46DE8}") = "Contracts", "Contracts", "{64682B09-46F8-4713-899F-5EED96CDF49E}"
EndProject
Project("{2150E333-8FDC-42A3-9474-1A3956D46DE8}") = "Cqrs", "Cqrs", "{58CEC9BF-7C57-4D9E-90F3-724EAE2AA40E}"
EndProject
Project("{2150E333-8FDC-42A3-9474-1A3956D46DE8}") = "Domain", "Domain", "{10BA2BEC-E42F-4279-888F-C3847657A5CA}"
EndProject
Project("{2150E333-8FDC-42A3-9474-1A3956D46DE8}") = "Hosts", "Hosts", "{929D058D-5A05-4F8B-805E-772C0BE05348}"
EndProject
Project("{2150E333-8FDC-42A3-9474-1A3956D46DE8}") = "Infrastructure", "Infrastructure", "{82C27E5E-5D01-4E5C-AA79-6ED8109E3CAA}"
EndProject
Project("{2150E333-8FDC-42A3-9474-1A3956D46DE8}") = "Test", "Test", "{697E28FF-D4ED-4DAC-937D-DDCDA7741D6C}"
EndProject
Project("{2150E333-8FDC-42A3-9474-1A3956D46DE8}") = "Applications", "Applications", "{980334DC-1CD2-42E2-B2C5-7C797F579931}"
EndProject
Project("{2150E333-8FDC-42A3-9474-1A3956D46DE8}") = "Clients", "Clients", "{528D3F7A-AA71-4140-9DD3-C1425055828C}"
EndProject
Project("{2150E333-8FDC-42A3-9474-1A3956D46DE8}") = "Contracts", "Contracts", "{446CF9B0-1CF3-44A0-9189-D37764CAC257}"
EndProject
Project("{2150E333-8FDC-42A3-9474-1A3956D46DE8}") = "Hosts", "Hosts", "{BD94863F-40BF-471E-AC65-0C53351B816F}"
EndProject
Project("{2150E333-8FDC-42A3-9474-1A3956D46DE8}") = "Test", "Test", "{AAD9A090-FCD3-49A2-A25B-7AE06BD3340B}"
EndProject
Project("{2150E333-8FDC-42A3-9474-1A3956D46DE8}") = "Applications", "Applications", "{827CC1A9-325B-4A61-968C-3E1D44E5FF6B}"
EndProject
Project("{2150E333-8FDC-42A3-9474-1A3956D46DE8}") = "Clients", "Clients", "{C62616C5-CCB7-4741-8E57-537A9307F6C4}"
EndProject
Project("{2150E333-8FDC-42A3-9474-1A3956D46DE8}") = "Contracts", "Contracts", "{9BC7FCDC-EC34-41B8-85D3-F890E61F01E3}"
EndProject
Project("{2150E333-8FDC-42A3-9474-1A3956D46DE8}") = "Hosts", "Hosts", "{0182EB60-3DF7-4E4D-BCE0-8B1E67BE5C0D}"
EndProject
Project("{2150E333-8FDC-42A3-9474-1A3956D46DE8}") = "Test", "Test", "{A36281A5-6CAD-4E6C-9286-CC943247AC1A}"
EndProject
Project("{2150E333-8FDC-42A3-9474-1A3956D46DE8}") = "Clients", "Clients", "{67ABB800-60C6-44BD-ADF7-68FB7E6F1DBA}"
EndProject
Project("{2150E333-8FDC-42A3-9474-1A3956D46DE8}") = "Hosts", "Hosts", "{8FAB342C-23BA-4842-AB6E-357512B8CD85}"
EndProject
Project("{2150E333-8FDC-42A3-9474-1A3956D46DE8}") = "AppServices", "AppServices", "{BA551664-E02A-4498-8D42-7982ABC7A5DB}"
EndProject
Project("{9A19103F-16F7-4668-BE54-9A1E7A4F7556}") = "InsuranceGoSmoke.Common.Applications.AppServices", "Common\Applications\AppServices\InsuranceGoSmoke.Common.Applications.AppServices.csproj", "{86EAF99E-E003-4C81-9FCA-559D37466C82}"
EndProject
Project("{2150E333-8FDC-42A3-9474-1A3956D46DE8}") = "Handlers", "Handlers", "{7482F1F2-0FAF-4DD7-B434-0283E92F09FF}"
EndProject
Project("{9A19103F-16F7-4668-BE54-9A1E7A4F7556}") = "InsuranceGoSmoke.Common.Applications.Handlers", "Common\Applications\Handlers\InsuranceGoSmoke.Common.Applications.Handlers.csproj", "{88259F69-F923-41B4-8FE0-48453B17ECC5}"
EndProject
Project("{9A19103F-16F7-4668-BE54-9A1E7A4F7556}") = "InsuranceGoSmoke.Common.Clients", "Common\Clients\InsuranceGoSmoke.Common.Clients.csproj", "{AAC717F2-F76B-4E95-B7B9-655016055759}"
EndProject
Project("{9A19103F-16F7-4668-BE54-9A1E7A4F7556}") = "InsuranceGoSmoke.Common.Contracts", "Common\Contracts\InsuranceGoSmoke.Common.Contracts.csproj", "{D28037EE-3D74-40A7-8809-2F97BF3AAB0F}"
EndProject
Project("{9A19103F-16F7-4668-BE54-9A1E7A4F7556}") = "InsuranceGoSmoke.Common.Cqrs", "Common\Cqrs\InsuranceGoSmoke.Common.Cqrs.csproj", "{B3F9D26C-0458-42C3-B49A-EE021A564566}"
EndProject
Project("{9A19103F-16F7-4668-BE54-9A1E7A4F7556}") = "InsuranceGoSmoke.Common.Domain", "Common\Domain\InsuranceGoSmoke.Common.Domain.csproj", "{69359B86-A29C-409D-B9A4-BD383E45B06D}"
EndProject
Project("{9A19103F-16F7-4668-BE54-9A1E7A4F7556}") = "InsuranceGoSmoke.Common.Hosts.Api", "Common\Hosts\Api\InsuranceGoSmoke.Common.Hosts.Api.csproj", "{0817C598-61E3-41D7-A628-9B8040C32F1B}"
EndProject
Project("{9A19103F-16F7-4668-BE54-9A1E7A4F7556}") = "InsuranceGoSmoke.Common.Hosts", "Common\Hosts\Common\InsuranceGoSmoke.Common.Hosts.csproj", "{C55D81F5-29EB-49F6-A9F1-0B6A6EED91A9}"
EndProject
Project("{9A19103F-16F7-4668-BE54-9A1E7A4F7556}") = "InsuranceGoSmoke.Common.Consumers", "Common\Hosts\Consumers\InsuranceGoSmoke.Common.Consumers.csproj", "{0C01844D-B02F-434C-96AE-50429A402870}"
EndProject
Project("{9A19103F-16F7-4668-BE54-9A1E7A4F7556}") = "InsuranceGoSmoke.Common.Hosts.Migrations", "Common\Hosts\Migrations\InsuranceGoSmoke.Common.Hosts.Migrations.csproj", "{4E637D14-132A-442E-AB35-053121F3C827}"
EndProject
Project("{9A19103F-16F7-4668-BE54-9A1E7A4F7556}") = "InsuranceGoSmoke.Common.Infrastructures.DataAccess", "Common\Infrastructure\InsuranceGoSmoke.Common.Infrastructures.DataAccess.csproj", "{2D29C0B8-83C6-4DE5-B5E9-C9510335C57E}"
EndProject
Project("{9A19103F-16F7-4668-BE54-9A1E7A4F7556}") = "Kortros.Common.Tests", "Common\Tests\Kortros.Common.Tests.csproj", "{CC637C97-11DB-4F52-8564-D7FCA0360A70}"
EndProject
Project("{2150E333-8FDC-42A3-9474-1A3956D46DE8}") = "SolutionItems", "SolutionItems", "{4E9780BB-6F69-4E58-B03E-AE4DC9A8B232}"
EndProject
Project("{9A19103F-16F7-4668-BE54-9A1E7A4F7556}") = "InsuranceGoSmoke.Notification.Contracts", "Notification\Contracts\InsuranceGoSmoke.Notification.Contracts.csproj", "{D4634BDA-024A-4DA6-AA61-B90E83F87360}"
EndProject
Project("{9A19103F-16F7-4668-BE54-9A1E7A4F7556}") = "InsuranceGoSmoke.Notification.Clients", "Notification\Clients\InsuranceGoSmoke.Notification.Clients.csproj", "{A70EF7DD-44E9-42C1-B3D2-BAA4DD4508F1}"
EndProject
Project("{2150E333-8FDC-42A3-9474-1A3956D46DE8}") = "AppServices", "AppServices", "{25BE84E1-C972-4BB5-8873-4BEB87672A10}"
EndProject
Project("{9A19103F-16F7-4668-BE54-9A1E7A4F7556}") = "InsuranceGoSmoke.Notification.Applications.AppServices", "Notification\Applications\AppServices\InsuranceGoSmoke.Notification.Applications.AppServices.csproj", "{0B65BAE7-9536-43D0-AFA1-85174B0DE229}"
EndProject
Project("{2150E333-8FDC-42A3-9474-1A3956D46DE8}") = "Handlers", "Handlers", "{A5BBDCB9-2EDC-4B18-BA4D-E421CA3488DB}"
EndProject
Project("{9A19103F-16F7-4668-BE54-9A1E7A4F7556}") = "InsuranceGoSmoke.Notification.Applications.Handlers", "Notification\Applications\Handlers\InsuranceGoSmoke.Notification.Applications.Handlers.csproj", "{2ABEA00C-F4F4-4EF0-B765-5661A6B545F2}"
EndProject
Project("{9A19103F-16F7-4668-BE54-9A1E7A4F7556}") = "InsuranceGoSmoke.Notification.Consumers", "Notification\Hosts\Consumers\InsuranceGoSmoke.Notification.Consumers.csproj", "{B639B5FD-EAE5-409A-AA0F-E6F8008A8D03}"
EndProject
Project("{9A19103F-16F7-4668-BE54-9A1E7A4F7556}") = "InsuranceGoSmoke.Notification.Private.Hosts.Api", "Notification\Hosts\Private\InsuranceGoSmoke.Notification.Private.Hosts.Api.csproj", "{97A3A257-3E95-42C2-999D-20D9735DE7CE}"
EndProject
Project("{9A19103F-16F7-4668-BE54-9A1E7A4F7556}") = "InsuranceGoSmoke.Static.Clients", "Static\Clients\InsuranceGoSmoke.Static.Clients.csproj", "{E119E02B-58B5-43DC-B4F4-B88AEB5B176C}"
EndProject
Project("{9A19103F-16F7-4668-BE54-9A1E7A4F7556}") = "InsuranceGoSmoke.Static", "Static\Hosts\InsuranceGoSmoke.Static.csproj", "{F7B5B3BF-32CA-4949-B731-C2A9DE408920}"
EndProject
Project("{9A19103F-16F7-4668-BE54-9A1E7A4F7556}") = "InsuranceGoSmoke.Security.Contracts", "Security\Contracts\InsuranceGoSmoke.Security.Contracts.csproj", "{93487E61-DCDF-4845-AB76-865F1CE82850}"
EndProject
Project("{9A19103F-16F7-4668-BE54-9A1E7A4F7556}") = "InsuranceGoSmoke.Security.Clients", "Security\Clients\Clients\InsuranceGoSmoke.Security.Clients.csproj", "{E104E4A9-CBB5-4474-B22B-9CFDCFBEA692}"
EndProject
Project("{9A19103F-16F7-4668-BE54-9A1E7A4F7556}") = "InsuranceGoSmoke.Security.ExternalClients", "Security\Clients\ExternalClients\InsuranceGoSmoke.Security.ExternalClients.csproj", "{4EF1F362-A76B-4D43-BED3-69BEFB218F19}"
EndProject
Project("{9A19103F-16F7-4668-BE54-9A1E7A4F7556}") = "InsuranceGoSmoke.Security.Applications.AppServices", "Security\Applications\AppServices\InsuranceGoSmoke.Security.Applications.AppServices.csproj", "{B520DDEF-309F-49A6-898D-23E3096E3F5B}"
EndProject
Project("{2150E333-8FDC-42A3-9474-1A3956D46DE8}") = "AppServices", "AppServices", "{4E15D6C0-F52C-4B85-99ED-69E1F86A0B34}"
EndProject
Project("{2150E333-8FDC-42A3-9474-1A3956D46DE8}") = "Handlers", "Handlers", "{C2AE1D63-0035-4162-80BA-366DE78D53B4}"
EndProject
Project("{9A19103F-16F7-4668-BE54-9A1E7A4F7556}") = "InsuranceGoSmoke.Security.Applications.Handlers", "Security\Applications\Handlers\InsuranceGoSmoke.Security.Applications.Handlers.csproj", "{E12FD33B-4A47-4C74-9215-5C0BB5AF705D}"
EndProject
Project("{9A19103F-16F7-4668-BE54-9A1E7A4F7556}") = "InsuranceGoSmoke.Security.Public.Hosts.Api", "Security\Hosts\Public\InsuranceGoSmoke.Security.Public.Hosts.Api.csproj", "{6E443C7D-E39D-4069-83D5-41AD30B82672}"
EndProject
Global
	GlobalSection(SolutionConfigurationPlatforms) = preSolution
		Debug|Any CPU = Debug|Any CPU
		Docker|Any CPU = Docker|Any CPU
		Release|Any CPU = Release|Any CPU
	EndGlobalSection
	GlobalSection(ProjectConfigurationPlatforms) = postSolution
		{86EAF99E-E003-4C81-9FCA-559D37466C82}.Debug|Any CPU.ActiveCfg = Debug|Any CPU
		{86EAF99E-E003-4C81-9FCA-559D37466C82}.Debug|Any CPU.Build.0 = Debug|Any CPU
		{86EAF99E-E003-4C81-9FCA-559D37466C82}.Docker|Any CPU.ActiveCfg = Debug|Any CPU
		{86EAF99E-E003-4C81-9FCA-559D37466C82}.Docker|Any CPU.Build.0 = Debug|Any CPU
		{86EAF99E-E003-4C81-9FCA-559D37466C82}.Release|Any CPU.ActiveCfg = Release|Any CPU
		{86EAF99E-E003-4C81-9FCA-559D37466C82}.Release|Any CPU.Build.0 = Release|Any CPU
		{88259F69-F923-41B4-8FE0-48453B17ECC5}.Debug|Any CPU.ActiveCfg = Debug|Any CPU
		{88259F69-F923-41B4-8FE0-48453B17ECC5}.Debug|Any CPU.Build.0 = Debug|Any CPU
		{88259F69-F923-41B4-8FE0-48453B17ECC5}.Docker|Any CPU.ActiveCfg = Debug|Any CPU
		{88259F69-F923-41B4-8FE0-48453B17ECC5}.Docker|Any CPU.Build.0 = Debug|Any CPU
		{88259F69-F923-41B4-8FE0-48453B17ECC5}.Release|Any CPU.ActiveCfg = Release|Any CPU
		{88259F69-F923-41B4-8FE0-48453B17ECC5}.Release|Any CPU.Build.0 = Release|Any CPU
		{AAC717F2-F76B-4E95-B7B9-655016055759}.Debug|Any CPU.ActiveCfg = Debug|Any CPU
		{AAC717F2-F76B-4E95-B7B9-655016055759}.Debug|Any CPU.Build.0 = Debug|Any CPU
		{AAC717F2-F76B-4E95-B7B9-655016055759}.Docker|Any CPU.ActiveCfg = Debug|Any CPU
		{AAC717F2-F76B-4E95-B7B9-655016055759}.Docker|Any CPU.Build.0 = Debug|Any CPU
		{AAC717F2-F76B-4E95-B7B9-655016055759}.Release|Any CPU.ActiveCfg = Release|Any CPU
		{AAC717F2-F76B-4E95-B7B9-655016055759}.Release|Any CPU.Build.0 = Release|Any CPU
		{D28037EE-3D74-40A7-8809-2F97BF3AAB0F}.Debug|Any CPU.ActiveCfg = Debug|Any CPU
		{D28037EE-3D74-40A7-8809-2F97BF3AAB0F}.Debug|Any CPU.Build.0 = Debug|Any CPU
		{D28037EE-3D74-40A7-8809-2F97BF3AAB0F}.Docker|Any CPU.ActiveCfg = Debug|Any CPU
		{D28037EE-3D74-40A7-8809-2F97BF3AAB0F}.Docker|Any CPU.Build.0 = Debug|Any CPU
		{D28037EE-3D74-40A7-8809-2F97BF3AAB0F}.Release|Any CPU.ActiveCfg = Release|Any CPU
		{D28037EE-3D74-40A7-8809-2F97BF3AAB0F}.Release|Any CPU.Build.0 = Release|Any CPU
		{B3F9D26C-0458-42C3-B49A-EE021A564566}.Debug|Any CPU.ActiveCfg = Debug|Any CPU
		{B3F9D26C-0458-42C3-B49A-EE021A564566}.Debug|Any CPU.Build.0 = Debug|Any CPU
		{B3F9D26C-0458-42C3-B49A-EE021A564566}.Docker|Any CPU.ActiveCfg = Debug|Any CPU
		{B3F9D26C-0458-42C3-B49A-EE021A564566}.Docker|Any CPU.Build.0 = Debug|Any CPU
		{B3F9D26C-0458-42C3-B49A-EE021A564566}.Release|Any CPU.ActiveCfg = Release|Any CPU
		{B3F9D26C-0458-42C3-B49A-EE021A564566}.Release|Any CPU.Build.0 = Release|Any CPU
		{69359B86-A29C-409D-B9A4-BD383E45B06D}.Debug|Any CPU.ActiveCfg = Debug|Any CPU
		{69359B86-A29C-409D-B9A4-BD383E45B06D}.Debug|Any CPU.Build.0 = Debug|Any CPU
		{69359B86-A29C-409D-B9A4-BD383E45B06D}.Docker|Any CPU.ActiveCfg = Debug|Any CPU
		{69359B86-A29C-409D-B9A4-BD383E45B06D}.Docker|Any CPU.Build.0 = Debug|Any CPU
		{69359B86-A29C-409D-B9A4-BD383E45B06D}.Release|Any CPU.ActiveCfg = Release|Any CPU
		{69359B86-A29C-409D-B9A4-BD383E45B06D}.Release|Any CPU.Build.0 = Release|Any CPU
		{0817C598-61E3-41D7-A628-9B8040C32F1B}.Debug|Any CPU.ActiveCfg = Debug|Any CPU
		{0817C598-61E3-41D7-A628-9B8040C32F1B}.Debug|Any CPU.Build.0 = Debug|Any CPU
		{0817C598-61E3-41D7-A628-9B8040C32F1B}.Docker|Any CPU.ActiveCfg = Debug|Any CPU
		{0817C598-61E3-41D7-A628-9B8040C32F1B}.Docker|Any CPU.Build.0 = Debug|Any CPU
		{0817C598-61E3-41D7-A628-9B8040C32F1B}.Release|Any CPU.ActiveCfg = Release|Any CPU
		{0817C598-61E3-41D7-A628-9B8040C32F1B}.Release|Any CPU.Build.0 = Release|Any CPU
		{C55D81F5-29EB-49F6-A9F1-0B6A6EED91A9}.Debug|Any CPU.ActiveCfg = Debug|Any CPU
		{C55D81F5-29EB-49F6-A9F1-0B6A6EED91A9}.Debug|Any CPU.Build.0 = Debug|Any CPU
		{C55D81F5-29EB-49F6-A9F1-0B6A6EED91A9}.Docker|Any CPU.ActiveCfg = Debug|Any CPU
		{C55D81F5-29EB-49F6-A9F1-0B6A6EED91A9}.Docker|Any CPU.Build.0 = Debug|Any CPU
		{C55D81F5-29EB-49F6-A9F1-0B6A6EED91A9}.Release|Any CPU.ActiveCfg = Release|Any CPU
		{C55D81F5-29EB-49F6-A9F1-0B6A6EED91A9}.Release|Any CPU.Build.0 = Release|Any CPU
		{0C01844D-B02F-434C-96AE-50429A402870}.Debug|Any CPU.ActiveCfg = Debug|Any CPU
		{0C01844D-B02F-434C-96AE-50429A402870}.Debug|Any CPU.Build.0 = Debug|Any CPU
		{0C01844D-B02F-434C-96AE-50429A402870}.Docker|Any CPU.ActiveCfg = Debug|Any CPU
		{0C01844D-B02F-434C-96AE-50429A402870}.Docker|Any CPU.Build.0 = Debug|Any CPU
		{0C01844D-B02F-434C-96AE-50429A402870}.Release|Any CPU.ActiveCfg = Release|Any CPU
		{0C01844D-B02F-434C-96AE-50429A402870}.Release|Any CPU.Build.0 = Release|Any CPU
		{4E637D14-132A-442E-AB35-053121F3C827}.Debug|Any CPU.ActiveCfg = Debug|Any CPU
		{4E637D14-132A-442E-AB35-053121F3C827}.Debug|Any CPU.Build.0 = Debug|Any CPU
		{4E637D14-132A-442E-AB35-053121F3C827}.Docker|Any CPU.ActiveCfg = Debug|Any CPU
		{4E637D14-132A-442E-AB35-053121F3C827}.Docker|Any CPU.Build.0 = Debug|Any CPU
		{4E637D14-132A-442E-AB35-053121F3C827}.Release|Any CPU.ActiveCfg = Release|Any CPU
		{4E637D14-132A-442E-AB35-053121F3C827}.Release|Any CPU.Build.0 = Release|Any CPU
		{2D29C0B8-83C6-4DE5-B5E9-C9510335C57E}.Debug|Any CPU.ActiveCfg = Debug|Any CPU
		{2D29C0B8-83C6-4DE5-B5E9-C9510335C57E}.Debug|Any CPU.Build.0 = Debug|Any CPU
		{2D29C0B8-83C6-4DE5-B5E9-C9510335C57E}.Docker|Any CPU.ActiveCfg = Debug|Any CPU
		{2D29C0B8-83C6-4DE5-B5E9-C9510335C57E}.Docker|Any CPU.Build.0 = Debug|Any CPU
		{2D29C0B8-83C6-4DE5-B5E9-C9510335C57E}.Release|Any CPU.ActiveCfg = Release|Any CPU
		{2D29C0B8-83C6-4DE5-B5E9-C9510335C57E}.Release|Any CPU.Build.0 = Release|Any CPU
		{CC637C97-11DB-4F52-8564-D7FCA0360A70}.Debug|Any CPU.ActiveCfg = Debug|Any CPU
		{CC637C97-11DB-4F52-8564-D7FCA0360A70}.Debug|Any CPU.Build.0 = Debug|Any CPU
		{CC637C97-11DB-4F52-8564-D7FCA0360A70}.Docker|Any CPU.ActiveCfg = Debug|Any CPU
		{CC637C97-11DB-4F52-8564-D7FCA0360A70}.Docker|Any CPU.Build.0 = Debug|Any CPU
		{CC637C97-11DB-4F52-8564-D7FCA0360A70}.Release|Any CPU.ActiveCfg = Release|Any CPU
		{CC637C97-11DB-4F52-8564-D7FCA0360A70}.Release|Any CPU.Build.0 = Release|Any CPU
		{D4634BDA-024A-4DA6-AA61-B90E83F87360}.Debug|Any CPU.ActiveCfg = Debug|Any CPU
		{D4634BDA-024A-4DA6-AA61-B90E83F87360}.Debug|Any CPU.Build.0 = Debug|Any CPU
		{D4634BDA-024A-4DA6-AA61-B90E83F87360}.Docker|Any CPU.ActiveCfg = Docker|Any CPU
		{D4634BDA-024A-4DA6-AA61-B90E83F87360}.Docker|Any CPU.Build.0 = Docker|Any CPU
		{D4634BDA-024A-4DA6-AA61-B90E83F87360}.Release|Any CPU.ActiveCfg = Release|Any CPU
		{D4634BDA-024A-4DA6-AA61-B90E83F87360}.Release|Any CPU.Build.0 = Release|Any CPU
		{A70EF7DD-44E9-42C1-B3D2-BAA4DD4508F1}.Debug|Any CPU.ActiveCfg = Debug|Any CPU
		{A70EF7DD-44E9-42C1-B3D2-BAA4DD4508F1}.Debug|Any CPU.Build.0 = Debug|Any CPU
		{A70EF7DD-44E9-42C1-B3D2-BAA4DD4508F1}.Docker|Any CPU.ActiveCfg = Docker|Any CPU
		{A70EF7DD-44E9-42C1-B3D2-BAA4DD4508F1}.Docker|Any CPU.Build.0 = Docker|Any CPU
		{A70EF7DD-44E9-42C1-B3D2-BAA4DD4508F1}.Release|Any CPU.ActiveCfg = Release|Any CPU
		{A70EF7DD-44E9-42C1-B3D2-BAA4DD4508F1}.Release|Any CPU.Build.0 = Release|Any CPU
		{0B65BAE7-9536-43D0-AFA1-85174B0DE229}.Debug|Any CPU.ActiveCfg = Debug|Any CPU
		{0B65BAE7-9536-43D0-AFA1-85174B0DE229}.Debug|Any CPU.Build.0 = Debug|Any CPU
		{0B65BAE7-9536-43D0-AFA1-85174B0DE229}.Docker|Any CPU.ActiveCfg = Docker|Any CPU
		{0B65BAE7-9536-43D0-AFA1-85174B0DE229}.Docker|Any CPU.Build.0 = Docker|Any CPU
		{0B65BAE7-9536-43D0-AFA1-85174B0DE229}.Release|Any CPU.ActiveCfg = Release|Any CPU
		{0B65BAE7-9536-43D0-AFA1-85174B0DE229}.Release|Any CPU.Build.0 = Release|Any CPU
		{2ABEA00C-F4F4-4EF0-B765-5661A6B545F2}.Debug|Any CPU.ActiveCfg = Debug|Any CPU
		{2ABEA00C-F4F4-4EF0-B765-5661A6B545F2}.Debug|Any CPU.Build.0 = Debug|Any CPU
		{2ABEA00C-F4F4-4EF0-B765-5661A6B545F2}.Docker|Any CPU.ActiveCfg = Docker|Any CPU
		{2ABEA00C-F4F4-4EF0-B765-5661A6B545F2}.Docker|Any CPU.Build.0 = Docker|Any CPU
		{2ABEA00C-F4F4-4EF0-B765-5661A6B545F2}.Release|Any CPU.ActiveCfg = Release|Any CPU
		{2ABEA00C-F4F4-4EF0-B765-5661A6B545F2}.Release|Any CPU.Build.0 = Release|Any CPU
		{B639B5FD-EAE5-409A-AA0F-E6F8008A8D03}.Debug|Any CPU.ActiveCfg = Debug|Any CPU
		{B639B5FD-EAE5-409A-AA0F-E6F8008A8D03}.Debug|Any CPU.Build.0 = Debug|Any CPU
		{B639B5FD-EAE5-409A-AA0F-E6F8008A8D03}.Docker|Any CPU.ActiveCfg = Docker|Any CPU
		{B639B5FD-EAE5-409A-AA0F-E6F8008A8D03}.Docker|Any CPU.Build.0 = Docker|Any CPU
		{B639B5FD-EAE5-409A-AA0F-E6F8008A8D03}.Release|Any CPU.ActiveCfg = Release|Any CPU
		{B639B5FD-EAE5-409A-AA0F-E6F8008A8D03}.Release|Any CPU.Build.0 = Release|Any CPU
		{97A3A257-3E95-42C2-999D-20D9735DE7CE}.Debug|Any CPU.ActiveCfg = Debug|Any CPU
		{97A3A257-3E95-42C2-999D-20D9735DE7CE}.Debug|Any CPU.Build.0 = Debug|Any CPU
		{97A3A257-3E95-42C2-999D-20D9735DE7CE}.Docker|Any CPU.ActiveCfg = Docker|Any CPU
		{97A3A257-3E95-42C2-999D-20D9735DE7CE}.Docker|Any CPU.Build.0 = Docker|Any CPU
		{97A3A257-3E95-42C2-999D-20D9735DE7CE}.Release|Any CPU.ActiveCfg = Release|Any CPU
		{97A3A257-3E95-42C2-999D-20D9735DE7CE}.Release|Any CPU.Build.0 = Release|Any CPU
		{E119E02B-58B5-43DC-B4F4-B88AEB5B176C}.Debug|Any CPU.ActiveCfg = Debug|Any CPU
		{E119E02B-58B5-43DC-B4F4-B88AEB5B176C}.Debug|Any CPU.Build.0 = Debug|Any CPU
		{E119E02B-58B5-43DC-B4F4-B88AEB5B176C}.Docker|Any CPU.ActiveCfg = Docker|Any CPU
		{E119E02B-58B5-43DC-B4F4-B88AEB5B176C}.Docker|Any CPU.Build.0 = Docker|Any CPU
		{E119E02B-58B5-43DC-B4F4-B88AEB5B176C}.Release|Any CPU.ActiveCfg = Release|Any CPU
		{E119E02B-58B5-43DC-B4F4-B88AEB5B176C}.Release|Any CPU.Build.0 = Release|Any CPU
		{F7B5B3BF-32CA-4949-B731-C2A9DE408920}.Debug|Any CPU.ActiveCfg = Debug|Any CPU
		{F7B5B3BF-32CA-4949-B731-C2A9DE408920}.Debug|Any CPU.Build.0 = Debug|Any CPU
		{F7B5B3BF-32CA-4949-B731-C2A9DE408920}.Docker|Any CPU.ActiveCfg = Docker|Any CPU
		{F7B5B3BF-32CA-4949-B731-C2A9DE408920}.Docker|Any CPU.Build.0 = Docker|Any CPU
		{F7B5B3BF-32CA-4949-B731-C2A9DE408920}.Release|Any CPU.ActiveCfg = Release|Any CPU
		{F7B5B3BF-32CA-4949-B731-C2A9DE408920}.Release|Any CPU.Build.0 = Release|Any CPU
		{93487E61-DCDF-4845-AB76-865F1CE82850}.Debug|Any CPU.ActiveCfg = Debug|Any CPU
		{93487E61-DCDF-4845-AB76-865F1CE82850}.Debug|Any CPU.Build.0 = Debug|Any CPU
		{93487E61-DCDF-4845-AB76-865F1CE82850}.Docker|Any CPU.ActiveCfg = Docker|Any CPU
		{93487E61-DCDF-4845-AB76-865F1CE82850}.Docker|Any CPU.Build.0 = Docker|Any CPU
		{93487E61-DCDF-4845-AB76-865F1CE82850}.Release|Any CPU.ActiveCfg = Release|Any CPU
		{93487E61-DCDF-4845-AB76-865F1CE82850}.Release|Any CPU.Build.0 = Release|Any CPU
		{E104E4A9-CBB5-4474-B22B-9CFDCFBEA692}.Debug|Any CPU.ActiveCfg = Debug|Any CPU
		{E104E4A9-CBB5-4474-B22B-9CFDCFBEA692}.Debug|Any CPU.Build.0 = Debug|Any CPU
		{E104E4A9-CBB5-4474-B22B-9CFDCFBEA692}.Docker|Any CPU.ActiveCfg = Docker|Any CPU
		{E104E4A9-CBB5-4474-B22B-9CFDCFBEA692}.Docker|Any CPU.Build.0 = Docker|Any CPU
		{E104E4A9-CBB5-4474-B22B-9CFDCFBEA692}.Release|Any CPU.ActiveCfg = Release|Any CPU
		{E104E4A9-CBB5-4474-B22B-9CFDCFBEA692}.Release|Any CPU.Build.0 = Release|Any CPU
		{4EF1F362-A76B-4D43-BED3-69BEFB218F19}.Debug|Any CPU.ActiveCfg = Debug|Any CPU
		{4EF1F362-A76B-4D43-BED3-69BEFB218F19}.Debug|Any CPU.Build.0 = Debug|Any CPU
		{4EF1F362-A76B-4D43-BED3-69BEFB218F19}.Docker|Any CPU.ActiveCfg = Docker|Any CPU
		{4EF1F362-A76B-4D43-BED3-69BEFB218F19}.Docker|Any CPU.Build.0 = Docker|Any CPU
		{4EF1F362-A76B-4D43-BED3-69BEFB218F19}.Release|Any CPU.ActiveCfg = Release|Any CPU
		{4EF1F362-A76B-4D43-BED3-69BEFB218F19}.Release|Any CPU.Build.0 = Release|Any CPU
		{B520DDEF-309F-49A6-898D-23E3096E3F5B}.Debug|Any CPU.ActiveCfg = Debug|Any CPU
		{B520DDEF-309F-49A6-898D-23E3096E3F5B}.Debug|Any CPU.Build.0 = Debug|Any CPU
		{B520DDEF-309F-49A6-898D-23E3096E3F5B}.Docker|Any CPU.ActiveCfg = Docker|Any CPU
		{B520DDEF-309F-49A6-898D-23E3096E3F5B}.Docker|Any CPU.Build.0 = Docker|Any CPU
		{B520DDEF-309F-49A6-898D-23E3096E3F5B}.Release|Any CPU.ActiveCfg = Release|Any CPU
		{B520DDEF-309F-49A6-898D-23E3096E3F5B}.Release|Any CPU.Build.0 = Release|Any CPU
		{E12FD33B-4A47-4C74-9215-5C0BB5AF705D}.Debug|Any CPU.ActiveCfg = Debug|Any CPU
		{E12FD33B-4A47-4C74-9215-5C0BB5AF705D}.Debug|Any CPU.Build.0 = Debug|Any CPU
		{E12FD33B-4A47-4C74-9215-5C0BB5AF705D}.Docker|Any CPU.ActiveCfg = Docker|Any CPU
		{E12FD33B-4A47-4C74-9215-5C0BB5AF705D}.Docker|Any CPU.Build.0 = Docker|Any CPU
		{E12FD33B-4A47-4C74-9215-5C0BB5AF705D}.Release|Any CPU.ActiveCfg = Release|Any CPU
		{E12FD33B-4A47-4C74-9215-5C0BB5AF705D}.Release|Any CPU.Build.0 = Release|Any CPU
		{6E443C7D-E39D-4069-83D5-41AD30B82672}.Debug|Any CPU.ActiveCfg = Debug|Any CPU
		{6E443C7D-E39D-4069-83D5-41AD30B82672}.Debug|Any CPU.Build.0 = Debug|Any CPU
		{6E443C7D-E39D-4069-83D5-41AD30B82672}.Docker|Any CPU.ActiveCfg = Docker|Any CPU
		{6E443C7D-E39D-4069-83D5-41AD30B82672}.Docker|Any CPU.Build.0 = Docker|Any CPU
		{6E443C7D-E39D-4069-83D5-41AD30B82672}.Release|Any CPU.ActiveCfg = Release|Any CPU
		{6E443C7D-E39D-4069-83D5-41AD30B82672}.Release|Any CPU.Build.0 = Release|Any CPU
	EndGlobalSection
	GlobalSection(SolutionProperties) = preSolution
		HideSolutionNode = FALSE
	EndGlobalSection
	GlobalSection(NestedProjects) = preSolution
		{86249229-709F-484E-99D5-575A67D1E376} = {385790A8-643C-4F17-9314-5E0A549BB018}
		{66D67575-CD25-4321-AF2A-C669BB64EC5F} = {385790A8-643C-4F17-9314-5E0A549BB018}
		{64682B09-46F8-4713-899F-5EED96CDF49E} = {385790A8-643C-4F17-9314-5E0A549BB018}
		{58CEC9BF-7C57-4D9E-90F3-724EAE2AA40E} = {385790A8-643C-4F17-9314-5E0A549BB018}
		{10BA2BEC-E42F-4279-888F-C3847657A5CA} = {385790A8-643C-4F17-9314-5E0A549BB018}
		{929D058D-5A05-4F8B-805E-772C0BE05348} = {385790A8-643C-4F17-9314-5E0A549BB018}
		{82C27E5E-5D01-4E5C-AA79-6ED8109E3CAA} = {385790A8-643C-4F17-9314-5E0A549BB018}
		{697E28FF-D4ED-4DAC-937D-DDCDA7741D6C} = {385790A8-643C-4F17-9314-5E0A549BB018}
		{980334DC-1CD2-42E2-B2C5-7C797F579931} = {8700E00C-E344-46C6-A284-A3B6FAF4D064}
		{528D3F7A-AA71-4140-9DD3-C1425055828C} = {8700E00C-E344-46C6-A284-A3B6FAF4D064}
		{446CF9B0-1CF3-44A0-9189-D37764CAC257} = {8700E00C-E344-46C6-A284-A3B6FAF4D064}
		{BD94863F-40BF-471E-AC65-0C53351B816F} = {8700E00C-E344-46C6-A284-A3B6FAF4D064}
		{AAD9A090-FCD3-49A2-A25B-7AE06BD3340B} = {8700E00C-E344-46C6-A284-A3B6FAF4D064}
		{827CC1A9-325B-4A61-968C-3E1D44E5FF6B} = {DEAE7E8F-7595-48B7-8A6E-0FC24BB4806C}
		{C62616C5-CCB7-4741-8E57-537A9307F6C4} = {DEAE7E8F-7595-48B7-8A6E-0FC24BB4806C}
		{9BC7FCDC-EC34-41B8-85D3-F890E61F01E3} = {DEAE7E8F-7595-48B7-8A6E-0FC24BB4806C}
		{0182EB60-3DF7-4E4D-BCE0-8B1E67BE5C0D} = {DEAE7E8F-7595-48B7-8A6E-0FC24BB4806C}
		{A36281A5-6CAD-4E6C-9286-CC943247AC1A} = {DEAE7E8F-7595-48B7-8A6E-0FC24BB4806C}
		{67ABB800-60C6-44BD-ADF7-68FB7E6F1DBA} = {EC7AFBD8-F36B-43CD-9083-E55BEE5C9045}
		{8FAB342C-23BA-4842-AB6E-357512B8CD85} = {EC7AFBD8-F36B-43CD-9083-E55BEE5C9045}
		{BA551664-E02A-4498-8D42-7982ABC7A5DB} = {86249229-709F-484E-99D5-575A67D1E376}
		{86EAF99E-E003-4C81-9FCA-559D37466C82} = {BA551664-E02A-4498-8D42-7982ABC7A5DB}
		{7482F1F2-0FAF-4DD7-B434-0283E92F09FF} = {86249229-709F-484E-99D5-575A67D1E376}
		{88259F69-F923-41B4-8FE0-48453B17ECC5} = {7482F1F2-0FAF-4DD7-B434-0283E92F09FF}
		{AAC717F2-F76B-4E95-B7B9-655016055759} = {66D67575-CD25-4321-AF2A-C669BB64EC5F}
		{D28037EE-3D74-40A7-8809-2F97BF3AAB0F} = {64682B09-46F8-4713-899F-5EED96CDF49E}
		{B3F9D26C-0458-42C3-B49A-EE021A564566} = {58CEC9BF-7C57-4D9E-90F3-724EAE2AA40E}
		{69359B86-A29C-409D-B9A4-BD383E45B06D} = {10BA2BEC-E42F-4279-888F-C3847657A5CA}
		{0817C598-61E3-41D7-A628-9B8040C32F1B} = {929D058D-5A05-4F8B-805E-772C0BE05348}
		{C55D81F5-29EB-49F6-A9F1-0B6A6EED91A9} = {929D058D-5A05-4F8B-805E-772C0BE05348}
		{0C01844D-B02F-434C-96AE-50429A402870} = {929D058D-5A05-4F8B-805E-772C0BE05348}
		{4E637D14-132A-442E-AB35-053121F3C827} = {929D058D-5A05-4F8B-805E-772C0BE05348}
		{2D29C0B8-83C6-4DE5-B5E9-C9510335C57E} = {82C27E5E-5D01-4E5C-AA79-6ED8109E3CAA}
		{CC637C97-11DB-4F52-8564-D7FCA0360A70} = {697E28FF-D4ED-4DAC-937D-DDCDA7741D6C}
		{D4634BDA-024A-4DA6-AA61-B90E83F87360} = {446CF9B0-1CF3-44A0-9189-D37764CAC257}
		{A70EF7DD-44E9-42C1-B3D2-BAA4DD4508F1} = {528D3F7A-AA71-4140-9DD3-C1425055828C}
		{25BE84E1-C972-4BB5-8873-4BEB87672A10} = {980334DC-1CD2-42E2-B2C5-7C797F579931}
		{0B65BAE7-9536-43D0-AFA1-85174B0DE229} = {25BE84E1-C972-4BB5-8873-4BEB87672A10}
		{A5BBDCB9-2EDC-4B18-BA4D-E421CA3488DB} = {980334DC-1CD2-42E2-B2C5-7C797F579931}
		{2ABEA00C-F4F4-4EF0-B765-5661A6B545F2} = {A5BBDCB9-2EDC-4B18-BA4D-E421CA3488DB}
		{B639B5FD-EAE5-409A-AA0F-E6F8008A8D03} = {BD94863F-40BF-471E-AC65-0C53351B816F}
		{97A3A257-3E95-42C2-999D-20D9735DE7CE} = {BD94863F-40BF-471E-AC65-0C53351B816F}
		{E119E02B-58B5-43DC-B4F4-B88AEB5B176C} = {67ABB800-60C6-44BD-ADF7-68FB7E6F1DBA}
		{F7B5B3BF-32CA-4949-B731-C2A9DE408920} = {8FAB342C-23BA-4842-AB6E-357512B8CD85}
		{93487E61-DCDF-4845-AB76-865F1CE82850} = {9BC7FCDC-EC34-41B8-85D3-F890E61F01E3}
		{E104E4A9-CBB5-4474-B22B-9CFDCFBEA692} = {C62616C5-CCB7-4741-8E57-537A9307F6C4}
		{4EF1F362-A76B-4D43-BED3-69BEFB218F19} = {C62616C5-CCB7-4741-8E57-537A9307F6C4}
		{B520DDEF-309F-49A6-898D-23E3096E3F5B} = {4E15D6C0-F52C-4B85-99ED-69E1F86A0B34}
		{4E15D6C0-F52C-4B85-99ED-69E1F86A0B34} = {827CC1A9-325B-4A61-968C-3E1D44E5FF6B}
		{C2AE1D63-0035-4162-80BA-366DE78D53B4} = {827CC1A9-325B-4A61-968C-3E1D44E5FF6B}
		{E12FD33B-4A47-4C74-9215-5C0BB5AF705D} = {C2AE1D63-0035-4162-80BA-366DE78D53B4}
		{6E443C7D-E39D-4069-83D5-41AD30B82672} = {0182EB60-3DF7-4E4D-BCE0-8B1E67BE5C0D}
	EndGlobalSection
	GlobalSection(ExtensibilityGlobals) = postSolution
		SolutionGuid = {A8F57603-E8B4-4A7F-8798-E66A3ADACA24}
	EndGlobalSection
EndGlobal
